
Microsoft Visual Studio Solution File, Format Version 12.00
# Visual Studio Version 17
VisualStudioVersion = 17.5.002.0
MinimumVisualStudioVersion = 10.0.40219.1
Project("{9A19103F-16F7-4668-BE54-9A1E7A4F7556}") = "PopulateDB", "populateDb\PopulateDB.csproj", "{14E7E728-92AC-4297-B511-0FCB3643130C}"
EndProject
Project("{9A19103F-16F7-4668-BE54-9A1E7A4F7556}") = "Chat", "RagApp\Chat.csproj", "{4E4E51C0-A32F-4BBD-B8DD-6ADD6DD05FF1}"
EndProject
Project("{9A19103F-16F7-4668-BE54-9A1E7A4F7556}") = "Shared", "SharedLib\Shared.csproj", "{A88A4BC1-8A88-4291-BBC0-4C0BCF80DDEF}"
EndProject
Global
	GlobalSection(SolutionConfigurationPlatforms) = preSolution
		Debug|Any CPU = Debug|Any CPU
		Release|Any CPU = Release|Any CPU
	EndGlobalSection
	GlobalSection(ProjectConfigurationPlatforms) = postSolution
		{14E7E728-92AC-4297-B511-0FCB3643130C}.Debug|Any CPU.ActiveCfg = Debug|Any CPU
		{14E7E728-92AC-4297-B511-0FCB3643130C}.Debug|Any CPU.Build.0 = Debug|Any CPU
		{14E7E728-92AC-4297-B511-0FCB3643130C}.Release|Any CPU.ActiveCfg = Release|Any CPU
		{14E7E728-92AC-4297-B511-0FCB3643130C}.Release|Any CPU.Build.0 = Release|Any CPU
		{4E4E51C0-A32F-4BBD-B8DD-6ADD6DD05FF1}.Debug|Any CPU.ActiveCfg = Debug|Any CPU
		{4E4E51C0-A32F-4BBD-B8DD-6ADD6DD05FF1}.Debug|Any CPU.Build.0 = Debug|Any CPU
		{4E4E51C0-A32F-4BBD-B8DD-6ADD6DD05FF1}.Release|Any CPU.ActiveCfg = Release|Any CPU
		{4E4E51C0-A32F-4BBD-B8DD-6ADD6DD05FF1}.Release|Any CPU.Build.0 = Release|Any CPU
		{A88A4BC1-8A88-4291-BBC0-4C0BCF80DDEF}.Debug|Any CPU.ActiveCfg = Debug|Any CPU
		{A88A4BC1-8A88-4291-BBC0-4C0BCF80DDEF}.Debug|Any CPU.Build.0 = Debug|Any CPU
		{A88A4BC1-8A88-4291-BBC0-4C0BCF80DDEF}.Release|Any CPU.ActiveCfg = Release|Any CPU
		{A88A4BC1-8A88-4291-BBC0-4C0BCF80DDEF}.Release|Any CPU.Build.0 = Release|Any CPU
	EndGlobalSection
	GlobalSection(SolutionProperties) = preSolution
		HideSolutionNode = FALSE
	EndGlobalSection
	GlobalSection(ExtensibilityGlobals) = postSolution
		SolutionGuid = {6E6CAB93-F85C-4976-8198-06A7AFBBAB94}
	EndGlobalSection
EndGlobal
